# THIS IS AN AUTOGENERATED FILE. DO NOT EDIT THIS FILE DIRECTLY.
# yarn lockfile v1


"@atos6/prettier-config@^0.0.2":
  version "0.0.2"
  resolved "https://registry.yarnpkg.com/@atos6/prettier-config/-/prettier-config-0.0.2.tgz#b9bcfbe66dc6f581e4d3ebc76478ac0e2018ee8a"
  integrity sha512-cj+SisqE7X9gMsKGgbaw8ObBjxfzFiX5nIJvZz8+lFaYfHNQ4Z3xSS+tx1pdLguYnPHkjHyNmJOTnxhvT66rPg==
